<?xml version="1.0" encoding="utf-8"?>
<Project ToolsVersion="4.0" xmlns="http://schemas.microsoft.com/developer/msbuild/2003">
  <ItemGroup>
    <Filter Include="Header Files">
      <UniqueIdentifier>{93995380-89BD-4b04-88EB-625FBE52EBFB}</UniqueIdentifier>
      <Extensions>h;hh;hpp;hxx;hm;inl;inc;xsd</Extensions>
    </Filter>
  </ItemGroup>
  <ItemGroup>
    <ClCompile Include="..\..\..\src\BarrackServer\BarrackServer.c" />
    <ClCompile Include="..\..\..\src\BarrackServer\main.c" />
    <ClCompile Include="..\..\..\src\BarrackServer\BarrackHandler\BarrackHandler.c" />
    <ClCompile Include="..\..\..\src\BarrackServer\BarrackWorker\BarrackWorker.c" />
    <ClCompile Include="..\..\..\src\Common\Commander\Commander.c" />
    <ClCompile Include="..\..\..\src\Common\Crypto\Crypto.c" />
    <ClCompile Include="..\..\..\src\Common\Packet\PacketType.c" />
    <ClCompile Include="..\..\..\src\Common\Packet\Packet.c" />
    <ClCompile Include="..\..\..\src\Common\Packet\PacketStream.c" />
    <ClCompile Include="..\..\..\src\Common\dbg\dbg.c" />
  </ItemGroup>
  <ItemGroup>
    <ClInclude Include="..\..\..\src\BarrackServer\BarrackServer.h">
      <Filter>Header Files</Filter>
    </ClInclude>
    <ClInclude Include="..\..\..\src\BarrackServer\BarrackHandler\BarrackHandler.h">
      <Filter>Header Files</Filter>
    </ClInclude>
    <ClInclude Include="..\..\..\src\BarrackServer\BarrackWorker\BarrackWorker.h">
      <Filter>Header Files</Filter>
    </ClInclude>
    <ClInclude Include="..\..\..\src\Common\Commander\Commander.h">
      <Filter>Header Files</Filter>
    </ClInclude>
    <ClInclude Include="..\..\..\src\Common\Crypto\Crypto.h">
      <Filter>Header Files</Filter>
    </ClInclude>
    <ClInclude Include="..\..\..\src\Common\Packet\PacketType.h">
      <Filter>Header Files</Filter>
    </ClInclude>
    <ClInclude Include="..\..\..\src\Common\Packet\Packet.h">
      <Filter>Header Files</Filter>
    </ClInclude>
    <ClInclude Include="..\..\..\src\Common\Packet\PacketStream.h">
      <Filter>Header Files</Filter>
    </ClInclude>
    <ClInclude Include="..\..\..\src\Common\dbg\dbg.h">
      <Filter>Header Files</Filter>
    </ClInclude>
  </ItemGroup>
</Project>