<?xml version="1.0" encoding="UTF-8" standalone="yes" ?>
<CodeBlocks_project_file>
	<FileVersion major="1" minor="6" />
	<Project>
		<Option title="R1EMU" />
		<Option pch_mode="2" />
		<Option compiler="gcc" />
		<Build>
			<Target title="Debug">
				<Option output="bin/Debug/R1EMU" prefix_auto="1" extension_auto="1" />
				<Option object_output="obj/Debug/" />
				<Option type="1" />
				<Option compiler="gcc" />
				<Compiler>
					<Add option="-g" />
				</Compiler>
			</Target>
			<Target title="Release">
				<Option output="bin/Release/R1EMU" prefix_auto="1" extension_auto="1" />
				<Option object_output="obj/Release/" />
				<Option type="1" />
				<Option compiler="gcc" />
				<Compiler>
					<Add option="-O2" />
				</Compiler>
				<Linker>
					<Add option="-s" />
				</Linker>
			</Target>
		</Build>
		<Compiler>
			<Add option="-Wall" />
			<Add option="-std=gnu99" />
			<Add option="-Wno-pointer-sign" />
			<Add directory="../../../include" />
			<Add directory="../../../include/zmq" />
			<Add directory="../../../src" />
		</Compiler>
		<Linker>
			<Add library="zmq" />
			<Add library="czmq" />
			<Add directory="../../../lib" />
		</Linker>
		<Unit filename="../../../cfg/server.cfg" />
		<Unit filename="../../../src/BarrackServer/BarrackHandler/BarrackHandler.c">
			<Option compilerVar="CC" />
		</Unit>
		<Unit filename="../../../src/BarrackServer/BarrackHandler/BarrackHandler.h" />
		<Unit filename="../../../src/BarrackServer/BarrackServer.c">
			<Option compilerVar="CC" />
		</Unit>
		<Unit filename="../../../src/BarrackServer/BarrackServer.h" />
		<Unit filename="../../../src/BarrackServer/BarrackWorker/BarrackWorker.c">
			<Option compilerVar="CC" />
		</Unit>
		<Unit filename="../../../src/BarrackServer/BarrackWorker/BarrackWorker.h" />
		<Unit filename="../../../src/Common/ClientSession/ClientSession.c">
			<Option compilerVar="CC" />
		</Unit>
		<Unit filename="../../../src/Common/ClientSession/ClientSession.h" />
		<Unit filename="../../../src/Common/Commander.h" />
		<Unit filename="../../../src/Common/Commander/Commander.c">
			<Option compilerVar="CC" />
		</Unit>
		<Unit filename="../../../src/Common/Commander/Commander.h" />
		<Unit filename="../../../src/Common/Crypto/Crypto.c">
			<Option compilerVar="CC" />
		</Unit>
		<Unit filename="../../../src/Common/Crypto/Crypto.h" />
		<Unit filename="../../../src/Common/Packet/Packet.c">
			<Option compilerVar="CC" />
		</Unit>
		<Unit filename="../../../src/Common/Packet/Packet.h" />
		<Unit filename="../../../src/Common/Packet/PacketHandler.c">
			<Option compilerVar="CC" />
		</Unit>
		<Unit filename="../../../src/Common/Packet/PacketHandler.h" />
		<Unit filename="../../../src/Common/Packet/PacketStream.c">
			<Option compilerVar="CC" />
		</Unit>
		<Unit filename="../../../src/Common/Packet/PacketStream.h" />
		<Unit filename="../../../src/Common/Packet/PacketType.c">
			<Option compilerVar="CC" />
		</Unit>
		<Unit filename="../../../src/Common/Packet/PacketType.h" />
		<Unit filename="../../../src/Common/dbg/dbg.c">
			<Option compilerVar="CC" />
		</Unit>
		<Unit filename="../../../src/Common/dbg/dbg.h" />
		<Unit filename="../../../src/GlobalServer/GlobalServer.c">
			<Option compilerVar="CC" />
		</Unit>
		<Unit filename="../../../src/GlobalServer/GlobalServer.h" />
		<Unit filename="../../../src/GlobalServer/GlobalWorker/GlobalWorker.c">
			<Option compilerVar="CC" />
		</Unit>
		<Unit filename="../../../src/GlobalServer/GlobalWorker/GlobalWorker.h" />
		<Unit filename="../../../src/R1EMU.c">
			<Option compilerVar="CC" />
		</Unit>
		<Unit filename="../../../src/R1EMU.h" />
		<Unit filename="../../../src/SessionServer/SessionServer.c">
			<Option compilerVar="CC" />
		</Unit>
		<Unit filename="../../../src/SessionServer/SessionServer.h" />
		<Unit filename="../../../src/SessionServer/SessionWorker/SessionWorker.c">
			<Option compilerVar="CC" />
		</Unit>
		<Unit filename="../../../src/SessionServer/SessionWorker/SessionWorker.h" />
		<Unit filename="../../../src/ZoneServer/ZoneHandler/ZoneHandler.c">
			<Option compilerVar="CC" />
		</Unit>
		<Unit filename="../../../src/ZoneServer/ZoneHandler/ZoneHandler.h" />
		<Unit filename="../../../src/ZoneServer/ZoneServer.c">
			<Option compilerVar="CC" />
		</Unit>
		<Unit filename="../../../src/ZoneServer/ZoneServer.h" />
		<Unit filename="../../../src/ZoneServer/ZoneWorker/ZoneWorker.c">
			<Option compilerVar="CC" />
		</Unit>
		<Unit filename="../../../src/ZoneServer/ZoneWorker/ZoneWorker.h" />
		<Unit filename="main.c">
			<Option compilerVar="CC" />
		</Unit>
		<Extensions>
			<code_completion />
			<envvars />
			<debugger />
			<lib_finder disable_auto="1" />
		</Extensions>
	</Project>
</CodeBlocks_project_file>
